// !$*UTF8*$!
{
	archiveVersion = 1;
	classes = {
	};
	objectVersion = 56;
	objects = {

/* Begin PBXBuildFile section */
		38022E252A0D534B00AEE165 /* AppDelegate.swift in Sources */ = {isa = PBXBuildFile; fileRef = 38022E242A0D534B00AEE165 /* AppDelegate.swift */; };
		38022E272A0D534B00AEE165 /* SceneDelegate.swift in Sources */ = {isa = PBXBuildFile; fileRef = 38022E262A0D534B00AEE165 /* SceneDelegate.swift */; };
		38022E292A0D534B00AEE165 /* ViewController.swift in Sources */ = {isa = PBXBuildFile; fileRef = 38022E282A0D534B00AEE165 /* ViewController.swift */; };
		38022E2F2A0D534B00AEE165 /* Habbits.xcdatamodeld in Sources */ = {isa = PBXBuildFile; fileRef = 38022E2D2A0D534B00AEE165 /* Habbits.xcdatamodeld */; };
		38022E312A0D534D00AEE165 /* Assets.xcassets in Resources */ = {isa = PBXBuildFile; fileRef = 38022E302A0D534D00AEE165 /* Assets.xcassets */; };
		38022E3C2A0D53E800AEE165 /* HabitsStore.swift in Sources */ = {isa = PBXBuildFile; fileRef = 38022E3B2A0D53E800AEE165 /* HabitsStore.swift */; };
		386B4C222A43722300F97B8A /* Header.swift in Sources */ = {isa = PBXBuildFile; fileRef = 386B4C212A43722300F97B8A /* Header.swift */; };
		386B4C242A43753000F97B8A /* HabitCollectionViewCell.swift in Sources */ = {isa = PBXBuildFile; fileRef = 386B4C232A43753000F97B8A /* HabitCollectionViewCell.swift */; };
		386B4C262A43760000F97B8A /* Habbit.swift in Sources */ = {isa = PBXBuildFile; fileRef = 386B4C252A43760000F97B8A /* Habbit.swift */; };
		386B4C282A43778100F97B8A /* ext.swift in Sources */ = {isa = PBXBuildFile; fileRef = 386B4C272A43778100F97B8A /* ext.swift */; };
		3876EE832A42109F0092CD12 /* NewHabbitViewController.swift in Sources */ = {isa = PBXBuildFile; fileRef = 3876EE822A42109F0092CD12 /* NewHabbitViewController.swift */; };
		38FB55A62A40D54500D0A938 /* HabitsViewController.swift in Sources */ = {isa = PBXBuildFile; fileRef = 38FB55A52A40D54500D0A938 /* HabitsViewController.swift */; };
		38FB55A82A40D55B00D0A938 /* InfoViewController.swift in Sources */ = {isa = PBXBuildFile; fileRef = 38FB55A72A40D55B00D0A938 /* InfoViewController.swift */; };
/* End PBXBuildFile section */

/* Begin PBXFileReference section */
		38022E212A0D534B00AEE165 /* Habbits.app */ = {isa = PBXFileReference; explicitFileType = wrapper.application; includeInIndex = 0; path = Habbits.app; sourceTree = BUILT_PRODUCTS_DIR; };
		38022E242A0D534B00AEE165 /* AppDelegate.swift */ = {isa = PBXFileReference; lastKnownFileType = sourcecode.swift; path = AppDelegate.swift; sourceTree = "<group>"; };
		38022E262A0D534B00AEE165 /* SceneDelegate.swift */ = {isa = PBXFileReference; lastKnownFileType = sourcecode.swift; path = SceneDelegate.swift; sourceTree = "<group>"; };
		38022E282A0D534B00AEE165 /* ViewController.swift */ = {isa = PBXFileReference; lastKnownFileType = sourcecode.swift; path = ViewController.swift; sourceTree = "<group>"; };
		38022E2E2A0D534B00AEE165 /* Habbits.xcdatamodel */ = {isa = PBXFileReference; lastKnownFileType = wrapper.xcdatamodel; path = Habbits.xcdatamodel; sourceTree = "<group>"; };
		38022E302A0D534D00AEE165 /* Assets.xcassets */ = {isa = PBXFileReference; lastKnownFileType = folder.assetcatalog; path = Assets.xcassets; sourceTree = "<group>"; };
		38022E352A0D534D00AEE165 /* Info.plist */ = {isa = PBXFileReference; lastKnownFileType = text.plist.xml; path = Info.plist; sourceTree = "<group>"; };
		38022E3B2A0D53E800AEE165 /* HabitsStore.swift */ = {isa = PBXFileReference; lastKnownFileType = sourcecode.swift; path = HabitsStore.swift; sourceTree = "<group>"; };
		386B4C212A43722300F97B8A /* Header.swift */ = {isa = PBXFileReference; lastKnownFileType = sourcecode.swift; path = Header.swift; sourceTree = "<group>"; };
		386B4C232A43753000F97B8A /* HabitCollectionViewCell.swift */ = {isa = PBXFileReference; lastKnownFileType = sourcecode.swift; path = HabitCollectionViewCell.swift; sourceTree = "<group>"; };
		386B4C252A43760000F97B8A /* Habbit.swift */ = {isa = PBXFileReference; lastKnownFileType = sourcecode.swift; path = Habbit.swift; sourceTree = "<group>"; };
		386B4C272A43778100F97B8A /* ext.swift */ = {isa = PBXFileReference; lastKnownFileType = sourcecode.swift; path = ext.swift; sourceTree = "<group>"; };
		3876EE822A42109F0092CD12 /* NewHabbitViewController.swift */ = {isa = PBXFileReference; lastKnownFileType = sourcecode.swift; path = NewHabbitViewController.swift; sourceTree = "<group>"; };
		38FB55A52A40D54500D0A938 /* HabitsViewController.swift */ = {isa = PBXFileReference; lastKnownFileType = sourcecode.swift; path = HabitsViewController.swift; sourceTree = "<group>"; };
		38FB55A72A40D55B00D0A938 /* InfoViewController.swift */ = {isa = PBXFileReference; lastKnownFileType = sourcecode.swift; path = InfoViewController.swift; sourceTree = "<group>"; };
/* End PBXFileReference section */

/* Begin PBXFrameworksBuildPhase section */
		38022E1E2A0D534B00AEE165 /* Frameworks */ = {
			isa = PBXFrameworksBuildPhase;
			buildActionMask = 2147483647;
			files = (
			);
			runOnlyForDeploymentPostprocessing = 0;
		};
/* End PBXFrameworksBuildPhase section */

/* Begin PBXGroup section */
		38022E182A0D534B00AEE165 = {
			isa = PBXGroup;
			children = (
				38022E232A0D534B00AEE165 /* Habbits */,
				38022E222A0D534B00AEE165 /* Products */,
			);
			sourceTree = "<group>";
		};
		38022E222A0D534B00AEE165 /* Products */ = {
			isa = PBXGroup;
			children = (
				38022E212A0D534B00AEE165 /* Habbits.app */,
			);
			name = Products;
			sourceTree = "<group>";
		};
		38022E232A0D534B00AEE165 /* Habbits */ = {
			isa = PBXGroup;
			children = (
				38022E242A0D534B00AEE165 /* AppDelegate.swift */,
				38022E262A0D534B00AEE165 /* SceneDelegate.swift */,
				3876EE822A42109F0092CD12 /* NewHabbitViewController.swift */,
				38FB55A72A40D55B00D0A938 /* InfoViewController.swift */,
				38FB55A52A40D54500D0A938 /* HabitsViewController.swift */,
				386B4C272A43778100F97B8A /* ext.swift */,
				386B4C232A43753000F97B8A /* HabitCollectionViewCell.swift */,
				386B4C252A43760000F97B8A /* Habbit.swift */,
				386B4C212A43722300F97B8A /* Header.swift */,
				38022E3B2A0D53E800AEE165 /* HabitsStore.swift */,
				38022E282A0D534B00AEE165 /* ViewController.swift */,
				38022E302A0D534D00AEE165 /* Assets.xcassets */,
				38022E352A0D534D00AEE165 /* Info.plist */,
				38022E2D2A0D534B00AEE165 /* Habbits.xcdatamodeld */,
			);
			path = Habbits;
			sourceTree = "<group>";
		};
/* End PBXGroup section */

/* Begin PBXNativeTarget section */
		38022E202A0D534B00AEE165 /* Habbits */ = {
			isa = PBXNativeTarget;
			buildConfigurationList = 38022E382A0D534D00AEE165 /* Build configuration list for PBXNativeTarget "Habbits" */;
			buildPhases = (
				38022E1D2A0D534B00AEE165 /* Sources */,
				38022E1E2A0D534B00AEE165 /* Frameworks */,
				38022E1F2A0D534B00AEE165 /* Resources */,
			);
			buildRules = (
			);
			dependencies = (
			);
			name = Habbits;
			productName = Habbits;
			productReference = 38022E212A0D534B00AEE165 /* Habbits.app */;
			productType = "com.apple.product-type.application";
		};
/* End PBXNativeTarget section */

/* Begin PBXProject section */
		38022E192A0D534B00AEE165 /* Project object */ = {
			isa = PBXProject;
			attributes = {
				BuildIndependentTargetsInParallel = 1;
				LastSwiftUpdateCheck = 1400;
				LastUpgradeCheck = 1400;
				TargetAttributes = {
					38022E202A0D534B00AEE165 = {
						CreatedOnToolsVersion = 14.0.1;
					};
				};
			};
			buildConfigurationList = 38022E1C2A0D534B00AEE165 /* Build configuration list for PBXProject "Habbits" */;
			compatibilityVersion = "Xcode 14.0";
			developmentRegion = en;
			hasScannedForEncodings = 0;
			knownRegions = (
				en,
				Base,
			);
			mainGroup = 38022E182A0D534B00AEE165;
			productRefGroup = 38022E222A0D534B00AEE165 /* Products */;
			projectDirPath = "";
			projectRoot = "";
			targets = (
				38022E202A0D534B00AEE165 /* Habbits */,
			);
		};
/* End PBXProject section */

/* Begin PBXResourcesBuildPhase section */
		38022E1F2A0D534B00AEE165 /* Resources */ = {
			isa = PBXResourcesBuildPhase;
			buildActionMask = 2147483647;
			files = (
				38022E312A0D534D00AEE165 /* Assets.xcassets in Resources */,
			);
			runOnlyForDeploymentPostprocessing = 0;
		};
/* End PBXResourcesBuildPhase section */

/* Begin PBXSourcesBuildPhase section */
		38022E1D2A0D534B00AEE165 /* Sources */ = {
			isa = PBXSourcesBuildPhase;
			buildActionMask = 2147483647;
			files = (
				38022E292A0D534B00AEE165 /* ViewController.swift in Sources */,
				386B4C282A43778100F97B8A /* ext.swift in Sources */,
				386B4C222A43722300F97B8A /* Header.swift in Sources */,
				38FB55A62A40D54500D0A938 /* HabitsViewController.swift in Sources */,
				38022E2F2A0D534B00AEE165 /* Habbits.xcdatamodeld in Sources */,
				3876EE832A42109F0092CD12 /* NewHabbitViewController.swift in Sources */,
				386B4C242A43753000F97B8A /* HabitCollectionViewCell.swift in Sources */,
				38FB55A82A40D55B00D0A938 /* InfoViewController.swift in Sources */,
				38022E252A0D534B00AEE165 /* AppDelegate.swift in Sources */,
				386B4C262A43760000F97B8A /* Habbit.swift in Sources */,
				38022E3C2A0D53E800AEE165 /* HabitsStore.swift in Sources */,
				38022E272A0D534B00AEE165 /* SceneDelegate.swift in Sources */,
			);
			runOnlyForDeploymentPostprocessing = 0;
		};
/* End PBXSourcesBuildPhase section */

/* Begin XCBuildConfiguration section */
		38022E362A0D534D00AEE165 /* Debug */ = {
			isa = XCBuildConfiguration;
			buildSettings = {
				ALWAYS_SEARCH_USER_PATHS = NO;
				CLANG_ANALYZER_NONNULL = YES;
				CLANG_ANALYZER_NUMBER_OBJECT_CONVERSION = YES_AGGRESSIVE;
				CLANG_CXX_LANGUAGE_STANDARD = "gnu++20";
				CLANG_ENABLE_MODULES = YES;
				CLANG_ENABLE_OBJC_ARC = YES;
				CLANG_ENABLE_OBJC_WEAK = YES;
				CLANG_WARN_BLOCK_CAPTURE_AUTORELEASING = YES;
				CLANG_WARN_BOOL_CONVERSION = YES;
				CLANG_WARN_COMMA = YES;
				CLANG_WARN_CONSTANT_CONVERSION = YES;
				CLANG_WARN_DEPRECATED_OBJC_IMPLEMENTATIONS = YES;
				CLANG_WARN_DIRECT_OBJC_ISA_USAGE = YES_ERROR;
				CLANG_WARN_DOCUMENTATION_COMMENTS = YES;
				CLANG_WARN_EMPTY_BODY = YES;
				CLANG_WARN_ENUM_CONVERSION = YES;
				CLANG_WARN_INFINITE_RECURSION = YES;
				CLANG_WARN_INT_CONVERSION = YES;
				CLANG_WARN_NON_LITERAL_NULL_CONVERSION = YES;
				CLANG_WARN_OBJC_IMPLICIT_RETAIN_SELF = YES;
				CLANG_WARN_OBJC_LITERAL_CONVERSION = YES;
				CLANG_WARN_OBJC_ROOT_CLASS = YES_ERROR;
				CLANG_WARN_QUOTED_INCLUDE_IN_FRAMEWORK_HEADER = YES;
				CLANG_WARN_RANGE_LOOP_ANALYSIS = YES;
				CLANG_WARN_STRICT_PROTOTYPES = YES;
				CLANG_WARN_SUSPICIOUS_MOVE = YES;
				CLANG_WARN_UNGUARDED_AVAILABILITY = YES_AGGRESSIVE;
				CLANG_WARN_UNREACHABLE_CODE = YES;
				CLANG_WARN__DUPLICATE_METHOD_MATCH = YES;
				COPY_PHASE_STRIP = NO;
				DEBUG_INFORMATION_FORMAT = dwarf;
				ENABLE_STRICT_OBJC_MSGSEND = YES;
				ENABLE_TESTABILITY = YES;
				GCC_C_LANGUAGE_STANDARD = gnu11;
				GCC_DYNAMIC_NO_PIC = NO;
				GCC_NO_COMMON_BLOCKS = YES;
				GCC_OPTIMIZATION_LEVEL = 0;
				GCC_PREPROCESSOR_DEFINITIONS = (
					"DEBUG=1",
					"$(inherited)",
				);
				GCC_WARN_64_TO_32_BIT_CONVERSION = YES;
				GCC_WARN_ABOUT_RETURN_TYPE = YES_ERROR;
				GCC_WARN_UNDECLARED_SELECTOR = YES;
				GCC_WARN_UNINITIALIZED_AUTOS = YES_AGGRESSIVE;
				GCC_WARN_UNUSED_FUNCTION = YES;
				GCC_WARN_UNUSED_VARIABLE = YES;
				IPHONEOS_DEPLOYMENT_TARGET = 16.0;
				MTL_ENABLE_DEBUG_INFO = INCLUDE_SOURCE;
				MTL_FAST_MATH = YES;
				ONLY_ACTIVE_ARCH = YES;
				SDKROOT = iphoneos;
				SWIFT_ACTIVE_COMPILATION_CONDITIONS = DEBUG;
				SWIFT_OPTIMIZATION_LEVEL = "-Onone";
			};
			name = Debug;
		};
		38022E372A0D534D00AEE165 /* Release */ = {
			isa = XCBuildConfiguration;
			buildSettings = {
				ALWAYS_SEARCH_USER_PATHS = NO;
				CLANG_ANALYZER_NONNULL = YES;
				CLANG_ANALYZER_NUMBER_OBJECT_CONVERSION = YES_AGGRESSIVE;
				CLANG_CXX_LANGUAGE_STANDARD = "gnu++20";
				CLANG_ENABLE_MODULES = YES;
				CLANG_ENABLE_OBJC_ARC = YES;
				CLANG_ENABLE_OBJC_WEAK = YES;
				CLANG_WARN_BLOCK_CAPTURE_AUTORELEASING = YES;
				CLANG_WARN_BOOL_CONVERSION = YES;
				CLANG_WARN_COMMA = YES;
				CLANG_WARN_CONSTANT_CONVERSION = YES;
				CLANG_WARN_DEPRECATED_OBJC_IMPLEMENTATIONS = YES;
				CLANG_WARN_DIRECT_OBJC_ISA_USAGE = YES_ERROR;
				CLANG_WARN_DOCUMENTATION_COMMENTS = YES;
				CLANG_WARN_EMPTY_BODY = YES;
				CLANG_WARN_ENUM_CONVERSION = YES;
				CLANG_WARN_INFINITE_RECURSION = YES;
				CLANG_WARN_INT_CONVERSION = YES;
				CLANG_WARN_NON_LITERAL_NULL_CONVERSION = YES;
				CLANG_WARN_OBJC_IMPLICIT_RETAIN_SELF = YES;
				CLANG_WARN_OBJC_LITERAL_CONVERSION = YES;
				CLANG_WARN_OBJC_ROOT_CLASS = YES_ERROR;
				CLANG_WARN_QUOTED_INCLUDE_IN_FRAMEWORK_HEADER = YES;
				CLANG_WARN_RANGE_LOOP_ANALYSIS = YES;
				CLANG_WARN_STRICT_PROTOTYPES = YES;
				CLANG_WARN_SUSPICIOUS_MOVE = YES;
				CLANG_WARN_UNGUARDED_AVAILABILITY = YES_AGGRESSIVE;
				CLANG_WARN_UNREACHABLE_CODE = YES;
				CLANG_WARN__DUPLICATE_METHOD_MATCH = YES;
				COPY_PHASE_STRIP = NO;
				DEBUG_INFORMATION_FORMAT = "dwarf-with-dsym";
				ENABLE_NS_ASSERTIONS = NO;
				ENABLE_STRICT_OBJC_MSGSEND = YES;
				GCC_C_LANGUAGE_STANDARD = gnu11;
				GCC_NO_COMMON_BLOCKS = YES;
				GCC_WARN_64_TO_32_BIT_CONVERSION = YES;
				GCC_WARN_ABOUT_RETURN_TYPE = YES_ERROR;
				GCC_WARN_UNDECLARED_SELECTOR = YES;
				GCC_WARN_UNINITIALIZED_AUTOS = YES_AGGRESSIVE;
				GCC_WARN_UNUSED_FUNCTION = YES;
				GCC_WARN_UNUSED_VARIABLE = YES;
				IPHONEOS_DEPLOYMENT_TARGET = 16.0;
				MTL_ENABLE_DEBUG_INFO = NO;
				MTL_FAST_MATH = YES;
				SDKROOT = iphoneos;
				SWIFT_COMPILATION_MODE = wholemodule;
				SWIFT_OPTIMIZATION_LEVEL = "-O";
				VALIDATE_PRODUCT = YES;
			};
			name = Release;
		};
		38022E392A0D534D00AEE165 /* Debug */ = {
			isa = XCBuildConfiguration;
			buildSettings = {
				ASSETCATALOG_COMPILER_APPICON_NAME = AppIcon;
				ASSETCATALOG_COMPILER_GLOBAL_ACCENT_COLOR_NAME = AccentColor;
				CODE_SIGN_STYLE = Automatic;
				CURRENT_PROJECT_VERSION = 1;
				GENERATE_INFOPLIST_FILE = YES;
				INFOPLIST_FILE = Habbits/Info.plist;
				INFOPLIST_KEY_UIApplicationSupportsIndirectInputEvents = YES;
				INFOPLIST_KEY_UILaunchStoryboardName = launch;
				INFOPLIST_KEY_UISupportedInterfaceOrientations_iPad = "UIInterfaceOrientationPortrait UIInterfaceOrientationPortraitUpsideDown UIInterfaceOrientationLandscapeLeft UIInterfaceOrientationLandscapeRight";
				INFOPLIST_KEY_UISupportedInterfaceOrientations_iPhone = "UIInterfaceOrientationPortrait UIInterfaceOrientationLandscapeLeft UIInterfaceOrientationLandscapeRight";
				LD_RUNPATH_SEARCH_PATHS = (
					"$(inherited)",
					"@executable_path/Frameworks",
				);
				MARKETING_VERSION = 1.0;
				PRODUCT_BUNDLE_IDENTIFIER = Netology.Habbits;
				PRODUCT_NAME = "$(TARGET_NAME)";
				SWIFT_EMIT_LOC_STRINGS = YES;
				SWIFT_VERSION = 5.0;
				TARGETED_DEVICE_FAMILY = "1,2";
			};
			name = Debug;
		};
		38022E3A2A0D534D00AEE165 /* Release */ = {
			isa = XCBuildConfiguration;
			buildSettings = {
				ASSETCATALOG_COMPILER_APPICON_NAME = AppIcon;
				ASSETCATALOG_COMPILER_GLOBAL_ACCENT_COLOR_NAME = AccentColor;
				CODE_SIGN_STYLE = Automatic;
				CURRENT_PROJECT_VERSION = 1;
				GENERATE_INFOPLIST_FILE = YES;
				INFOPLIST_FILE = Habbits/Info.plist;
				INFOPLIST_KEY_UIApplicationSupportsIndirectInputEvents = YES;
				INFOPLIST_KEY_UILaunchStoryboardName = launch;
				INFOPLIST_KEY_UISupportedInterfaceOrientations_iPad = "UIInterfaceOrientationPortrait UIInterfaceOrientationPortraitUpsideDown UIInterfaceOrientationLandscapeLeft UIInterfaceOrientationLandscapeRight";
				INFOPLIST_KEY_UISupportedInterfaceOrientations_iPhone = "UIInterfaceOrientationPortrait UIInterfaceOrientationLandscapeLeft UIInterfaceOrientationLandscapeRight";
				LD_RUNPATH_SEARCH_PATHS = (
					"$(inherited)",
					"@executable_path/Frameworks",
				);
				MARKETING_VERSION = 1.0;
				PRODUCT_BUNDLE_IDENTIFIER = Netology.Habbits;
				PRODUCT_NAME = "$(TARGET_NAME)";
				SWIFT_EMIT_LOC_STRINGS = YES;
				SWIFT_VERSION = 5.0;
				TARGETED_DEVICE_FAMILY = "1,2";
			};
			name = Release;
		};
/* End XCBuildConfiguration section */

/* Begin XCConfigurationList section */
		38022E1C2A0D534B00AEE165 /* Build configuration list for PBXProject "Habbits" */ = {
			isa = XCConfigurationList;
			buildConfigurations = (
				38022E362A0D534D00AEE165 /* Debug */,
				38022E372A0D534D00AEE165 /* Release */,
			);
			defaultConfigurationIsVisible = 0;
			defaultConfigurationName = Release;
		};
		38022E382A0D534D00AEE165 /* Build configuration list for PBXNativeTarget "Habbits" */ = {
			isa = XCConfigurationList;
			buildConfigurations = (
				38022E392A0D534D00AEE165 /* Debug */,
				38022E3A2A0D534D00AEE165 /* Release */,
			);
			defaultConfigurationIsVisible = 0;
			defaultConfigurationName = Release;
		};
/* End XCConfigurationList section */

/* Begin XCVersionGroup section */
		38022E2D2A0D534B00AEE165 /* Habbits.xcdatamodeld */ = {
			isa = XCVersionGroup;
			children = (
				38022E2E2A0D534B00AEE165 /* Habbits.xcdatamodel */,
			);
			currentVersion = 38022E2E2A0D534B00AEE165 /* Habbits.xcdatamodel */;
			path = Habbits.xcdatamodeld;
			sourceTree = "<group>";
			versionGroupType = wrapper.xcdatamodel;
		};
/* End XCVersionGroup section */
	};
	rootObject = 38022E192A0D534B00AEE165 /* Project object */;
}
